<?xml version="1.0" encoding="utf-8"?>
<Project ToolsVersion="4.0" xmlns="http://schemas.microsoft.com/developer/msbuild/2003">
  <ItemGroup>
    <Filter Include="Source Files">
      <UniqueIdentifier>{4FC737F1-C7A5-4376-A066-2A32D752A2FF}</UniqueIdentifier>
      <Extensions>cpp;c;cc;cxx;c++;cppm;ixx;def;odl;idl;hpj;bat;asm;asmx</Extensions>
    </Filter>
    <Filter Include="Header Files">
      <UniqueIdentifier>{93995380-89BD-4b04-88EB-625FBE52EBFB}</UniqueIdentifier>
      <Extensions>h;hh;hpp;hxx;h++;hm;inl;inc;ipp;xsd</Extensions>
    </Filter>
    <Filter Include="Resource Files">
      <UniqueIdentifier>{67DA6AB6-F800-4c08-8B7A-83BB121AAD01}</UniqueIdentifier>
      <Extensions>rc;ico;cur;bmp;dlg;rc2;rct;bin;rgs;gif;jpg;jpeg;jpe;resx;tiff;tif;png;wav;mfcribbon-ms</Extensions>
    </Filter>
  </ItemGroup>
  <ItemGroup>
    <ClInclude Include="Enums.h">
      <Filter>Header Files</Filter>
    </ClInclude>
    <ClInclude Include="MyForm.h">
      <Filter>Header Files</Filter>
    </ClInclude>
    <ClInclude Include="Entidad.h">
      <Filter>Header Files</Filter>
    </ClInclude>
    <ClInclude Include="Personaje.h">
      <Filter>Header Files</Filter>
    </ClInclude>
    <ClInclude Include="Cusi.h">
      <Filter>Header Files</Filter>
    </ClInclude>
    <ClInclude Include="Enemigo.h">
      <Filter>Header Files</Filter>
    </ClInclude>
    <ClInclude Include="ObjetoCultural.h">
      <Filter>Header Files</Filter>
    </ClInclude>
    <ClInclude Include="SoldadoPatrulla.h">
      <Filter>Header Files</Filter>
    </ClInclude>
    <ClInclude Include="GuardianEspecial.h">
      <Filter>Header Files</Filter>
    </ClInclude>
    <ClInclude Include="CapitanEspanol.h">
      <Filter>Header Files</Filter>
    </ClInclude>
    <ClInclude Include="Aliado.h">
      <Filter>Header Files</Filter>
    </ClInclude>
    <ClInclude Include="Curaca.h">
      <Filter>Header Files</Filter>
    </ClInclude>
    <ClInclude Include="Rimaq.h">
      <Filter>Header Files</Filter>
    </ClInclude>
    <ClInclude Include="Wayra.h">
      <Filter>Header Files</Filter>
    </ClInclude>
    <ClInclude Include="AncianoAntisuyo.h">
      <Filter>Header Files</Filter>
    </ClInclude>
    <ClInclude Include="Nivel.h">
      <Filter>Header Files</Filter>
    </ClInclude>
    <ClInclude Include="Juego.h">
      <Filter>Header Files</Filter>
    </ClInclude>
    <ClInclude Include="Ranking.h">
      <Filter>Header Files</Filter>
    </ClInclude>
    <ClInclude Include="FormGeneral.h">
      <Filter>Header Files</Filter>
    </ClInclude>
    <ClInclude Include="FormControlJuego.h">
      <Filter>Header Files</Filter>
    </ClInclude>
    <ClInclude Include="FormNivel1.h">
      <Filter>Header Files</Filter>
    </ClInclude>
    <ClInclude Include="FormNivel2.h">
      <Filter>Header Files</Filter>
    </ClInclude>
    <ClInclude Include="FormNivel3.h">
      <Filter>Header Files</Filter>
    </ClInclude>
    <ClInclude Include="PantallaCargaInicial.h">
      <Filter>Header Files</Filter>
    </ClInclude>
    <ClInclude Include="FormSalir.h">
      <Filter>Header Files</Filter>
    </ClInclude>
    <ClInclude Include="FormCreditos.h">
      <Filter>Header Files</Filter>
    </ClInclude>
    <ClInclude Include="FormInstrucciones.h">
      <Filter>Header Files</Filter>
    </ClInclude>
    <ClInclude Include="FormRanking.h">
      <Filter>Header Files</Filter>
    </ClInclude>
  </ItemGroup>
  <ItemGroup>
    <ClCompile Include="MyForm.cpp">
      <Filter>Source Files</Filter>
    </ClCompile>
    <ClCompile Include="Entidad.cpp">
      <Filter>Source Files</Filter>
    </ClCompile>
    <ClCompile Include="Personaje.cpp">
      <Filter>Source Files</Filter>
    </ClCompile>
    <ClCompile Include="Cusi.cpp">
      <Filter>Source Files</Filter>
    </ClCompile>
    <ClCompile Include="Enemigo.cpp">
      <Filter>Source Files</Filter>
    </ClCompile>
    <ClCompile Include="ObjetoCultural.cpp">
      <Filter>Source Files</Filter>
    </ClCompile>
    <ClCompile Include="SoldadoPatrulla.cpp">
      <Filter>Source Files</Filter>
    </ClCompile>
    <ClCompile Include="GuardianEspecial.cpp">
      <Filter>Source Files</Filter>
    </ClCompile>
    <ClCompile Include="CapitanEspanol.cpp">
      <Filter>Source Files</Filter>
    </ClCompile>
    <ClCompile Include="Aliado.cpp">
      <Filter>Source Files</Filter>
    </ClCompile>
    <ClCompile Include="Curaca.cpp">
      <Filter>Source Files</Filter>
    </ClCompile>
    <ClCompile Include="Rimaq.cpp">
      <Filter>Source Files</Filter>
    </ClCompile>
    <ClCompile Include="Wayra.cpp">
      <Filter>Source Files</Filter>
    </ClCompile>
    <ClCompile Include="AncianoAntisuyo.cpp">
      <Filter>Source Files</Filter>
    </ClCompile>
    <ClCompile Include="Nivel.cpp">
      <Filter>Source Files</Filter>
    </ClCompile>
    <ClCompile Include="Juego.cpp">
      <Filter>Source Files</Filter>
    </ClCompile>
    <ClCompile Include="Ranking.cpp">
      <Filter>Source Files</Filter>
    </ClCompile>
    <ClCompile Include="FormGeneral.cpp">
      <Filter>Source Files</Filter>
    </ClCompile>
    <ClCompile Include="FormControlJuego.cpp">
      <Filter>Source Files</Filter>
    </ClCompile>
    <ClCompile Include="FormNivel1.cpp">
      <Filter>Source Files</Filter>
    </ClCompile>
    <ClCompile Include="FormNivel2.cpp">
      <Filter>Source Files</Filter>
    </ClCompile>
    <ClCompile Include="FormNivel3.cpp">
      <Filter>Source Files</Filter>
    </ClCompile>
    <ClCompile Include="PantallaCargaInicial.cpp">
      <Filter>Source Files</Filter>
    </ClCompile>
    <ClCompile Include="FormSalir.cpp">
      <Filter>Source Files</Filter>
    </ClCompile>
    <ClCompile Include="FormCreditos.cpp">
      <Filter>Source Files</Filter>
    </ClCompile>
    <ClCompile Include="FormInstrucciones.cpp">
      <Filter>Source Files</Filter>
    </ClCompile>
    <ClCompile Include="FormRanking.cpp">
      <Filter>Source Files</Filter>
    </ClCompile>
  </ItemGroup>
</Project>